
Microsoft Visual Studio Solution File, Format Version 12.00
# Visual Studio Version 16
VisualStudioVersion = 16.0.31410.357
MinimumVisualStudioVersion = 10.0.40219.1
Project("{FAE04EC0-301F-11D3-BF4B-00C04F79EFBC}") = "Memory", "Memory\Memory.csproj", "{84582158-A2C0-4DEA-A3D3-1D7C922453B4}"
EndProject
Global
	GlobalSection(SolutionConfigurationPlatforms) = preSolution
		Debug|Any CPU = Debug|Any CPU
		Release|Any CPU = Release|Any CPU
	EndGlobalSection
	GlobalSection(ProjectConfigurationPlatforms) = postSolution
		{84582158-A2C0-4DEA-A3D3-1D7C922453B4}.Debug|Any CPU.ActiveCfg = Debug|Any CPU
		{84582158-A2C0-4DEA-A3D3-1D7C922453B4}.Debug|Any CPU.Build.0 = Debug|Any CPU
		{84582158-A2C0-4DEA-A3D3-1D7C922453B4}.Release|Any CPU.ActiveCfg = Release|Any CPU
		{84582158-A2C0-4DEA-A3D3-1D7C922453B4}.Release|Any CPU.Build.0 = Release|Any CPU
	EndGlobalSection
	GlobalSection(SolutionProperties) = preSolution
		HideSolutionNode = FALSE
	EndGlobalSection
	GlobalSection(ExtensibilityGlobals) = postSolution
		SolutionGuid = {37C472EC-401C-4C51-9512-57B1A3C751AE}
	EndGlobalSection
EndGlobal
